
Microsoft Visual Studio Solution File, Format Version 12.00
# Visual Studio Version 17
VisualStudioVersion = 17.9.34714.143
MinimumVisualStudioVersion = 10.0.40219.1
Project("{FAE04EC0-301F-11D3-BF4B-00C04F79EFBC}") = "GoodbyeCSharp07_ConnectDBMS_MSSQL", "GoodbyeCSharp07_ConnectDBMS_MSSQL\GoodbyeCSharp07_ConnectDBMS_MSSQL.csproj", "{8F63DF87-8E47-406B-8AF0-1A6A44B03FB0}"
EndProject
Project("{FAE04EC0-301F-11D3-BF4B-00C04F79EFBC}") = "GoodbyeCSharp08_ParkingManager", "GoodbyeCSharp08_ParkingManager\GoodbyeCSharp08_ParkingManager.csproj", "{873CB943-5A9A-48C7-A5B4-805F7B9F13CD}"
EndProject
Project("{FAE04EC0-301F-11D3-BF4B-00C04F79EFBC}") = "GoodbyeCSharp09_API", "GoodbyeCSharp09_API\GoodbyeCSharp09_API.csproj", "{B0DEFA06-24E3-49B8-9459-FFF3A5D609C3}"
EndProject
Global
	GlobalSection(SolutionConfigurationPlatforms) = preSolution
		Debug|Any CPU = Debug|Any CPU
		Release|Any CPU = Release|Any CPU
	EndGlobalSection
	GlobalSection(ProjectConfigurationPlatforms) = postSolution
		{8F63DF87-8E47-406B-8AF0-1A6A44B03FB0}.Debug|Any CPU.ActiveCfg = Debug|Any CPU
		{8F63DF87-8E47-406B-8AF0-1A6A44B03FB0}.Debug|Any CPU.Build.0 = Debug|Any CPU
		{8F63DF87-8E47-406B-8AF0-1A6A44B03FB0}.Release|Any CPU.ActiveCfg = Release|Any CPU
		{8F63DF87-8E47-406B-8AF0-1A6A44B03FB0}.Release|Any CPU.Build.0 = Release|Any CPU
		{873CB943-5A9A-48C7-A5B4-805F7B9F13CD}.Debug|Any CPU.ActiveCfg = Debug|Any CPU
		{873CB943-5A9A-48C7-A5B4-805F7B9F13CD}.Debug|Any CPU.Build.0 = Debug|Any CPU
		{873CB943-5A9A-48C7-A5B4-805F7B9F13CD}.Release|Any CPU.ActiveCfg = Release|Any CPU
		{873CB943-5A9A-48C7-A5B4-805F7B9F13CD}.Release|Any CPU.Build.0 = Release|Any CPU
		{B0DEFA06-24E3-49B8-9459-FFF3A5D609C3}.Debug|Any CPU.ActiveCfg = Debug|Any CPU
		{B0DEFA06-24E3-49B8-9459-FFF3A5D609C3}.Debug|Any CPU.Build.0 = Debug|Any CPU
		{B0DEFA06-24E3-49B8-9459-FFF3A5D609C3}.Release|Any CPU.ActiveCfg = Release|Any CPU
		{B0DEFA06-24E3-49B8-9459-FFF3A5D609C3}.Release|Any CPU.Build.0 = Release|Any CPU
	EndGlobalSection
	GlobalSection(SolutionProperties) = preSolution
		HideSolutionNode = FALSE
	EndGlobalSection
	GlobalSection(ExtensibilityGlobals) = postSolution
		SolutionGuid = {36F694F2-C4CE-418C-A6E2-8D9D5B215CC0}
	EndGlobalSection
EndGlobal
