
Microsoft Visual Studio Solution File, Format Version 12.00
# Visual Studio Version 17
VisualStudioVersion = 17.9.34714.143
MinimumVisualStudioVersion = 10.0.40219.1
Project("{FAE04EC0-301F-11D3-BF4B-00C04F79EFBC}") = "GoodbyeCSharp01_BookManager", "GoodbyeCSharp01_BookManager\GoodbyeCSharp01_BookManager.csproj", "{49574F09-D59A-47D2-B095-ED246659DC37}"
EndProject
Project("{FAE04EC0-301F-11D3-BF4B-00C04F79EFBC}") = "GoodbyeCSharp02_SingletonePattern", "GoodbyeCSharp02_SingletonePattern\GoodbyeCSharp02_SingletonePattern.csproj", "{C109554F-293E-4DF8-B37E-65BA5F8A454E}"
EndProject
Project("{FAE04EC0-301F-11D3-BF4B-00C04F79EFBC}") = "GoodbyeCSharp03_ObserverPattern", "GoodbyeCSharp03_ObserverPattern\GoodbyeCSharp03_ObserverPattern.csproj", "{1AE8B5D4-195E-4B23-8A79-1024206C908B}"
EndProject
Project("{FAE04EC0-301F-11D3-BF4B-00C04F79EFBC}") = "GoodbyeCSharp05_Chart", "GoodbyeCSharp05_Chart\GoodbyeCSharp05_Chart.csproj", "{5DBAF71A-2FED-477D-B033-F130DE24CF0A}"
EndProject
Global
	GlobalSection(SolutionConfigurationPlatforms) = preSolution
		Debug|Any CPU = Debug|Any CPU
		Release|Any CPU = Release|Any CPU
	EndGlobalSection
	GlobalSection(ProjectConfigurationPlatforms) = postSolution
		{49574F09-D59A-47D2-B095-ED246659DC37}.Debug|Any CPU.ActiveCfg = Debug|Any CPU
		{49574F09-D59A-47D2-B095-ED246659DC37}.Debug|Any CPU.Build.0 = Debug|Any CPU
		{49574F09-D59A-47D2-B095-ED246659DC37}.Release|Any CPU.ActiveCfg = Release|Any CPU
		{49574F09-D59A-47D2-B095-ED246659DC37}.Release|Any CPU.Build.0 = Release|Any CPU
		{C109554F-293E-4DF8-B37E-65BA5F8A454E}.Debug|Any CPU.ActiveCfg = Debug|Any CPU
		{C109554F-293E-4DF8-B37E-65BA5F8A454E}.Debug|Any CPU.Build.0 = Debug|Any CPU
		{C109554F-293E-4DF8-B37E-65BA5F8A454E}.Release|Any CPU.ActiveCfg = Release|Any CPU
		{C109554F-293E-4DF8-B37E-65BA5F8A454E}.Release|Any CPU.Build.0 = Release|Any CPU
		{1AE8B5D4-195E-4B23-8A79-1024206C908B}.Debug|Any CPU.ActiveCfg = Debug|Any CPU
		{1AE8B5D4-195E-4B23-8A79-1024206C908B}.Debug|Any CPU.Build.0 = Debug|Any CPU
		{1AE8B5D4-195E-4B23-8A79-1024206C908B}.Release|Any CPU.ActiveCfg = Release|Any CPU
		{1AE8B5D4-195E-4B23-8A79-1024206C908B}.Release|Any CPU.Build.0 = Release|Any CPU
		{5DBAF71A-2FED-477D-B033-F130DE24CF0A}.Debug|Any CPU.ActiveCfg = Debug|Any CPU
		{5DBAF71A-2FED-477D-B033-F130DE24CF0A}.Debug|Any CPU.Build.0 = Debug|Any CPU
		{5DBAF71A-2FED-477D-B033-F130DE24CF0A}.Release|Any CPU.ActiveCfg = Release|Any CPU
		{5DBAF71A-2FED-477D-B033-F130DE24CF0A}.Release|Any CPU.Build.0 = Release|Any CPU
	EndGlobalSection
	GlobalSection(SolutionProperties) = preSolution
		HideSolutionNode = FALSE
	EndGlobalSection
	GlobalSection(ExtensibilityGlobals) = postSolution
		SolutionGuid = {02E956BF-7004-4EA6-9DCC-4E598B3EF751}
	EndGlobalSection
EndGlobal
