
Microsoft Visual Studio Solution File, Format Version 12.00
# Visual Studio Version 17
VisualStudioVersion = 17.9.34701.34
MinimumVisualStudioVersion = 10.0.40219.1
Project("{FAE04EC0-301F-11D3-BF4B-00C04F79EFBC}") = "HelloCSharp037", "HelloCSharp037\HelloCSharp037.csproj", "{3D30F5F9-A88D-4561-A335-B1D9A9223B28}"
EndProject
Project("{2150E333-8FDC-42A3-9474-1A3956D46DE8}") = "솔루션 항목", "솔루션 항목", "{FDA8449A-BC55-481A-9D8C-C10F3764692E}"
EndProject
Global
	GlobalSection(SolutionConfigurationPlatforms) = preSolution
		Debug|Any CPU = Debug|Any CPU
		Release|Any CPU = Release|Any CPU
	EndGlobalSection
	GlobalSection(ProjectConfigurationPlatforms) = postSolution
		{3D30F5F9-A88D-4561-A335-B1D9A9223B28}.Debug|Any CPU.ActiveCfg = Debug|Any CPU
		{3D30F5F9-A88D-4561-A335-B1D9A9223B28}.Debug|Any CPU.Build.0 = Debug|Any CPU
		{3D30F5F9-A88D-4561-A335-B1D9A9223B28}.Release|Any CPU.ActiveCfg = Release|Any CPU
		{3D30F5F9-A88D-4561-A335-B1D9A9223B28}.Release|Any CPU.Build.0 = Release|Any CPU
	EndGlobalSection
	GlobalSection(SolutionProperties) = preSolution
		HideSolutionNode = FALSE
	EndGlobalSection
	GlobalSection(ExtensibilityGlobals) = postSolution
		SolutionGuid = {C20D7BFC-2480-4895-AAB9-D56ECEDE929B}
	EndGlobalSection
EndGlobal
