
Microsoft Visual Studio Solution File, Format Version 12.00
# Visual Studio Version 17
VisualStudioVersion = 17.9.34714.143
MinimumVisualStudioVersion = 10.0.40219.1
Project("{FAE04EC0-301F-11D3-BF4B-00C04F79EFBC}") = "HelloCSharp052", "HelloCSharp052\HelloCSharp052.csproj", "{5D88EF00-39DF-4082-91D3-58BCFD347DF8}"
EndProject
Project("{FAE04EC0-301F-11D3-BF4B-00C04F79EFBC}") = "HelloCSharp053", "HelloCSharp053\HelloCSharp053.csproj", "{A205F8D4-2DEF-49DD-9E65-FC160E404113}"
EndProject
Project("{FAE04EC0-301F-11D3-BF4B-00C04F79EFBC}") = "HelloCSharp054", "HelloCSharp054\HelloCSharp054.csproj", "{9ADC59E0-99DC-4B9A-9D5B-DB8C6A7D2286}"
EndProject
Global
	GlobalSection(SolutionConfigurationPlatforms) = preSolution
		Debug|Any CPU = Debug|Any CPU
		Release|Any CPU = Release|Any CPU
	EndGlobalSection
	GlobalSection(ProjectConfigurationPlatforms) = postSolution
		{5D88EF00-39DF-4082-91D3-58BCFD347DF8}.Debug|Any CPU.ActiveCfg = Debug|Any CPU
		{5D88EF00-39DF-4082-91D3-58BCFD347DF8}.Debug|Any CPU.Build.0 = Debug|Any CPU
		{5D88EF00-39DF-4082-91D3-58BCFD347DF8}.Release|Any CPU.ActiveCfg = Release|Any CPU
		{5D88EF00-39DF-4082-91D3-58BCFD347DF8}.Release|Any CPU.Build.0 = Release|Any CPU
		{A205F8D4-2DEF-49DD-9E65-FC160E404113}.Debug|Any CPU.ActiveCfg = Debug|Any CPU
		{A205F8D4-2DEF-49DD-9E65-FC160E404113}.Debug|Any CPU.Build.0 = Debug|Any CPU
		{A205F8D4-2DEF-49DD-9E65-FC160E404113}.Release|Any CPU.ActiveCfg = Release|Any CPU
		{A205F8D4-2DEF-49DD-9E65-FC160E404113}.Release|Any CPU.Build.0 = Release|Any CPU
		{9ADC59E0-99DC-4B9A-9D5B-DB8C6A7D2286}.Debug|Any CPU.ActiveCfg = Debug|Any CPU
		{9ADC59E0-99DC-4B9A-9D5B-DB8C6A7D2286}.Debug|Any CPU.Build.0 = Debug|Any CPU
		{9ADC59E0-99DC-4B9A-9D5B-DB8C6A7D2286}.Release|Any CPU.ActiveCfg = Release|Any CPU
		{9ADC59E0-99DC-4B9A-9D5B-DB8C6A7D2286}.Release|Any CPU.Build.0 = Release|Any CPU
	EndGlobalSection
	GlobalSection(SolutionProperties) = preSolution
		HideSolutionNode = FALSE
	EndGlobalSection
	GlobalSection(ExtensibilityGlobals) = postSolution
		SolutionGuid = {C40DD92D-85CE-441A-8CDB-847349A48BD3}
	EndGlobalSection
EndGlobal
