
Microsoft Visual Studio Solution File, Format Version 12.00
# Visual Studio Version 17
VisualStudioVersion = 17.9.34714.143
MinimumVisualStudioVersion = 10.0.40219.1
Project("{FAE04EC0-301F-11D3-BF4B-00C04F79EFBC}") = "HelloCSharp041", "HelloCSharp041\HelloCSharp041.csproj", "{F871AADD-030E-4631-BBBF-091DC9AEAA98}"
EndProject
Global
	GlobalSection(SolutionConfigurationPlatforms) = preSolution
		Debug|Any CPU = Debug|Any CPU
		Release|Any CPU = Release|Any CPU
	EndGlobalSection
	GlobalSection(ProjectConfigurationPlatforms) = postSolution
		{F871AADD-030E-4631-BBBF-091DC9AEAA98}.Debug|Any CPU.ActiveCfg = Debug|Any CPU
		{F871AADD-030E-4631-BBBF-091DC9AEAA98}.Debug|Any CPU.Build.0 = Debug|Any CPU
		{F871AADD-030E-4631-BBBF-091DC9AEAA98}.Release|Any CPU.ActiveCfg = Release|Any CPU
		{F871AADD-030E-4631-BBBF-091DC9AEAA98}.Release|Any CPU.Build.0 = Release|Any CPU
	EndGlobalSection
	GlobalSection(SolutionProperties) = preSolution
		HideSolutionNode = FALSE
	EndGlobalSection
	GlobalSection(ExtensibilityGlobals) = postSolution
		SolutionGuid = {A811F9EC-1D12-445C-B83B-DB76F4FE13F3}
	EndGlobalSection
EndGlobal
