
Microsoft Visual Studio Solution File, Format Version 12.00
# Visual Studio Version 17
VisualStudioVersion = 17.9.34714.143
MinimumVisualStudioVersion = 10.0.40219.1
Project("{FAE04EC0-301F-11D3-BF4B-00C04F79EFBC}") = "BookManager", "BookManager\BookManager.csproj", "{42761950-9AF0-4FFA-BD30-B99755A6B99A}"
EndProject
Project("{2150E333-8FDC-42A3-9474-1A3956D46DE8}") = "솔루션 항목", "솔루션 항목", "{0712B1C6-170A-4003-A115-63B29D58505E}"
EndProject
Global
	GlobalSection(SolutionConfigurationPlatforms) = preSolution
		Debug|Any CPU = Debug|Any CPU
		Release|Any CPU = Release|Any CPU
	EndGlobalSection
	GlobalSection(ProjectConfigurationPlatforms) = postSolution
		{42761950-9AF0-4FFA-BD30-B99755A6B99A}.Debug|Any CPU.ActiveCfg = Debug|Any CPU
		{42761950-9AF0-4FFA-BD30-B99755A6B99A}.Debug|Any CPU.Build.0 = Debug|Any CPU
		{42761950-9AF0-4FFA-BD30-B99755A6B99A}.Release|Any CPU.ActiveCfg = Release|Any CPU
		{42761950-9AF0-4FFA-BD30-B99755A6B99A}.Release|Any CPU.Build.0 = Release|Any CPU
	EndGlobalSection
	GlobalSection(SolutionProperties) = preSolution
		HideSolutionNode = FALSE
	EndGlobalSection
	GlobalSection(ExtensibilityGlobals) = postSolution
		SolutionGuid = {C4970D5E-0038-4487-A16B-2ACB5B6ED698}
	EndGlobalSection
EndGlobal
